<?xml version="1.0" encoding="utf-8"?>
<Project ToolsVersion="4.0" xmlns="http://schemas.microsoft.com/developer/msbuild/2003">
  <ItemGroup>
    <ApplicationDefinition Include="App.xaml" />
  </ItemGroup>
  <ItemGroup>
    <Page Include="MainWindow.xaml" />
    <Page Include="SettingsPage.xaml">
      <Filter>Pages</Filter>
    </Page>
    <Page Include="MainPage.xaml">
      <Filter>Pages</Filter>
    </Page>
    <Page Include="ExplorerPage.xaml">
      <Filter>Pages</Filter>
    </Page>
    <Page Include="FileEntryView.xaml">
      <Filter>Controls</Filter>
    </Page>
    <Page Include="FileTabView.xaml">
      <Filter>Controls</Filter>
    </Page>
    <Page Include="LibraryTabView.xaml">
      <Filter>Controls</Filter>
    </Page>
    <Page Include="FilePropertiesWindow.xaml" />
    <Page Include="TabViewItemHeader.xaml">
      <Filter>Controls</Filter>
    </Page>
    <Page Include="AppExpanderHeader.xaml">
      <Filter>Controls</Filter>
    </Page>
    <Page Include="FileLargeView.xaml">
      <Filter>Controls</Filter>
    </Page>
    <Page Include="AdditionalSettingsPage.xaml">
      <Filter>Pages</Filter>
    </Page>
    <Page Include="SystemHealthView.xaml">
      <Filter>Controls</Filter>
    </Page>
    <Page Include="LargeProgressBar.xaml">
      <Filter>Controls</Filter>
    </Page>
    <Page Include="DriveHealthView.xaml">
      <Filter>Controls</Filter>
    </Page>
    <Page Include="FileSearchWindow.xaml" />
    <Page Include="SpotlightImporter.xaml">
      <Filter>Controls</Filter>
    </Page>
  </ItemGroup>
  <ItemGroup>
    <Midl Include="App.idl" />
    <Midl Include="MainWindow.idl" />
    <Midl Include="DriveSearchModel.idl">
      <Filter>Common</Filter>
    </Midl>
  </ItemGroup>
  <ItemGroup>
    <ClCompile Include="pch.cpp" />
    <ClCompile Include="$(GeneratedFilesDir)module.g.cpp" />
    <ClCompile Include="MessageData.cpp">
      <Filter>Common</Filter>
    </ClCompile>
    <ClCompile Include="DirectoryEnumerator.cpp">
      <Filter>Common\Storage</Filter>
    </ClCompile>
    <ClCompile Include="DirectorySizeCalculator.cpp">
      <Filter>Common\Storage</Filter>
    </ClCompile>
    <ClCompile Include="SmartInfo.cpp">
      <Filter>Common\Devices</Filter>
    </ClCompile>
    <ClCompile Include="SmartDevice.cpp">
      <Filter>Common\Devices</Filter>
    </ClCompile>
    <ClCompile Include="FileSearcher.cpp">
      <Filter>Common\Storage</Filter>
    </ClCompile>
    <ClCompile Include="FileInfo.cpp">
      <Filter>Common\Storage</Filter>
    </ClCompile>
    <ClCompile Include="FileSearcher2.cpp">
      <Filter>Common\Storage</Filter>
    </ClCompile>
    <ClCompile Include="ToastGenerator.cpp">
      <Filter>Common</Filter>
    </ClCompile>
  </ItemGroup>
  <ItemGroup>
    <ClInclude Include="pch.h" />
    <ClInclude Include="MessageData.h">
      <Filter>Common</Filter>
    </ClInclude>
    <ClInclude Include="QuickSort.h">
      <Filter>Common</Filter>
    </ClInclude>
    <ClInclude Include="DirectoryEnumerator.h">
      <Filter>Common\Storage</Filter>
    </ClInclude>
    <ClInclude Include="DirectorySizeCalculator.h">
      <Filter>Common\Storage</Filter>
    </ClInclude>
    <ClInclude Include="SmartInfo.h">
      <Filter>Common\Devices</Filter>
    </ClInclude>
    <ClInclude Include="SmartDevice.h">
      <Filter>Common\Devices</Filter>
    </ClInclude>
    <ClInclude Include="Helper.h">
      <Filter>Common</Filter>
    </ClInclude>
    <ClInclude Include="FileSearcher.h">
      <Filter>Common\Storage</Filter>
    </ClInclude>
    <ClInclude Include="FileInfo.h">
      <Filter>Common\Storage</Filter>
    </ClInclude>
    <ClInclude Include="FileSearcher2.h">
      <Filter>Common\Storage</Filter>
    </ClInclude>
    <ClInclude Include="DesktopTransparencyControllerType.h">
      <Filter>Common</Filter>
    </ClInclude>
    <ClInclude Include="resource.h" />
    <ClInclude Include="ToastGenerator.h">
      <Filter>Common</Filter>
    </ClInclude>
  </ItemGroup>
  <ItemGroup>
    <Filter Include="Assets">
      <UniqueIdentifier>{e48dc53e-40b1-40cb-970a-f89935452892}</UniqueIdentifier>
    </Filter>
    <Filter Include="Pages">
      <UniqueIdentifier>{cc3cc764-8045-4d14-876c-7719e0f15669}</UniqueIdentifier>
    </Filter>
    <Filter Include="Controls">
      <UniqueIdentifier>{2bd5fbec-4d0e-40f1-b339-6f0d57e9f48f}</UniqueIdentifier>
    </Filter>
    <Filter Include="Common">
      <UniqueIdentifier>{9dea2b9b-e44c-44d0-908b-3bcbcca314c4}</UniqueIdentifier>
    </Filter>
    <Filter Include="Common\Devices">
      <UniqueIdentifier>{8293f02c-c3e7-4775-9901-f3ca1ace72ab}</UniqueIdentifier>
    </Filter>
    <Filter Include="Common\Storage">
      <UniqueIdentifier>{173094b5-b6cf-4000-9c38-a81c2a75cea6}</UniqueIdentifier>
    </Filter>
  </ItemGroup>
  <ItemGroup>
    <None Include="packages.config" />
    <None Include="cpp.hint" />
  </ItemGroup>
  <ItemGroup>
    <Text Include="readme.txt" />
  </ItemGroup>
  <ItemGroup>
    <Manifest Include="app.manifest" />
  </ItemGroup>
  <ItemGroup>
    <ResourceCompile Include="Winnerino.rc" />
  </ItemGroup>
  <ItemGroup>
    <PRIResource Include="Resources.lang-en-us.resw">
      <Filter>Assets</Filter>
    </PRIResource>
    <PRIResource Include="Resources.lang-fr-fr.resw">
      <Filter>Assets</Filter>
    </PRIResource>
  </ItemGroup>
  <ItemGroup>
    <Natvis Include="$(MSBuildThisFileDirectory)..\..\natvis\wil.natvis" />
  </ItemGroup>
</Project>