<?xml version="1.0" encoding="utf-8"?>
<Project ToolsVersion="4.0" xmlns="http://schemas.microsoft.com/developer/msbuild/2003">
  <ItemGroup>
    <ApplicationDefinition Include="App.xaml" />
  </ItemGroup>
  <ItemGroup>
    <Page Include="MainWindow.xaml" />
    <Page Include="SettingsPage.xaml">
      <Filter>Pages</Filter>
    </Page>
    <Page Include="MainPage.xaml">
      <Filter>Pages</Filter>
    </Page>
    <Page Include="ExplorerPage.xaml">
      <Filter>Pages</Filter>
    </Page>
    <Page Include="FileEntryView.xaml">
      <Filter>Controls</Filter>
    </Page>
    <Page Include="FileTabView.xaml">
      <Filter>Controls</Filter>
    </Page>
    <Page Include="LibraryTabView.xaml">
      <Filter>Controls</Filter>
    </Page>
    <Page Include="FilePropertiesWindow.xaml" />
    <Page Include="TabViewItemHeader.xaml">
      <Filter>Controls</Filter>
    </Page>
    <Page Include="AppExpanderHeader.xaml">
      <Filter>Controls</Filter>
    </Page>
  </ItemGroup>
  <ItemGroup>
    <Midl Include="App.idl" />
    <Midl Include="MainWindow.idl" />
    <Midl Include="DriveSearchModel.idl">
      <Filter>Common</Filter>
    </Midl>
  </ItemGroup>
  <ItemGroup>
    <ClCompile Include="pch.cpp" />
    <ClCompile Include="$(GeneratedFilesDir)module.g.cpp" />
    <ClCompile Include="MessageData.cpp">
      <Filter>Common</Filter>
    </ClCompile>
    <ClCompile Include="DirectorySizeCalculator.cpp">
      <Filter>Common</Filter>
    </ClCompile>
  </ItemGroup>
  <ItemGroup>
    <ClInclude Include="pch.h" />
    <ClInclude Include="MessageData.h">
      <Filter>Common</Filter>
    </ClInclude>
    <ClInclude Include="DirectorySizeCalculator.h">
      <Filter>Common</Filter>
    </ClInclude>
    <ClInclude Include="QuickSort.h">
      <Filter>Common</Filter>
    </ClInclude>
  </ItemGroup>
  <ItemGroup>
    <Filter Include="Assets">
      <UniqueIdentifier>{e48dc53e-40b1-40cb-970a-f89935452892}</UniqueIdentifier>
    </Filter>
    <Filter Include="Pages">
      <UniqueIdentifier>{cc3cc764-8045-4d14-876c-7719e0f15669}</UniqueIdentifier>
    </Filter>
    <Filter Include="Controls">
      <UniqueIdentifier>{2bd5fbec-4d0e-40f1-b339-6f0d57e9f48f}</UniqueIdentifier>
    </Filter>
    <Filter Include="Common">
      <UniqueIdentifier>{9dea2b9b-e44c-44d0-908b-3bcbcca314c4}</UniqueIdentifier>
    </Filter>
  </ItemGroup>
  <ItemGroup>
    <None Include="PropertySheet.props" />
    <None Include="packages.config" />
    <None Include="cpp.hint" />
  </ItemGroup>
  <ItemGroup>
    <Text Include="readme.txt" />
  </ItemGroup>
  <ItemGroup>
    <Manifest Include="app.manifest" />
  </ItemGroup>
  <ItemGroup>
    <PRIResource Include="Resources.resw" />
  </ItemGroup>
</Project>